// !$*UTF8*$!
{
	archiveVersion = 1;
	classes = {
	};
	objectVersion = 46;
	objects = {

/* Begin PBXBuildFile section */
		67DD794719B8709000992844 /* main.m in Sources */ = {isa = PBXBuildFile; fileRef = 67DD794619B8709000992844 /* main.m */; };
		67DD794A19B8709000992844 /* AppDelegate.m in Sources */ = {isa = PBXBuildFile; fileRef = 67DD794919B8709000992844 /* AppDelegate.m */; };
		67DD794D19B8709000992844 /* ViewController.m in Sources */ = {isa = PBXBuildFile; fileRef = 67DD794C19B8709000992844 /* ViewController.m */; };
		67DD795019B8709000992844 /* Main.storyboard in Resources */ = {isa = PBXBuildFile; fileRef = 67DD794E19B8709000992844 /* Main.storyboard */; };
		67DD795219B8709000992844 /* Images.xcassets in Resources */ = {isa = PBXBuildFile; fileRef = 67DD795119B8709000992844 /* Images.xcassets */; };
		67DD796C19B870CC00992844 /* RCRScheduledTask.m in Sources */ = {isa = PBXBuildFile; fileRef = 67DD796919B870CC00992844 /* RCRScheduledTask.m */; };
		67DD796D19B870CC00992844 /* RCRScheduleStringParser.m in Sources */ = {isa = PBXBuildFile; fileRef = 67DD796B19B870CC00992844 /* RCRScheduleStringParser.m */; };
		67DD796F19B87DF200992844 /* RCRScheduleStringParserTestCase.m in Sources */ = {isa = PBXBuildFile; fileRef = 67DD796E19B87DF200992844 /* RCRScheduleStringParserTestCase.m */; };
		67DD797219B8FA5A00992844 /* RCRMinutesUtility.m in Sources */ = {isa = PBXBuildFile; fileRef = 67DD797119B8FA5A00992844 /* RCRMinutesUtility.m */; };
/* End PBXBuildFile section */

/* Begin PBXContainerItemProxy section */
		67DD795819B8709000992844 /* PBXContainerItemProxy */ = {
			isa = PBXContainerItemProxy;
			containerPortal = 67DD793919B8709000992844 /* Project object */;
			proxyType = 1;
			remoteGlobalIDString = 67DD794019B8709000992844;
			remoteInfo = RCRScheduledTaskSample;
		};
/* End PBXContainerItemProxy section */

/* Begin PBXFileReference section */
		67DD794119B8709000992844 /* RCRScheduledTaskSample.app */ = {isa = PBXFileReference; explicitFileType = wrapper.application; includeInIndex = 0; path = RCRScheduledTaskSample.app; sourceTree = BUILT_PRODUCTS_DIR; };
		67DD794519B8709000992844 /* Info.plist */ = {isa = PBXFileReference; lastKnownFileType = text.plist.xml; path = Info.plist; sourceTree = "<group>"; };
		67DD794619B8709000992844 /* main.m */ = {isa = PBXFileReference; lastKnownFileType = sourcecode.c.objc; path = main.m; sourceTree = "<group>"; };
		67DD794819B8709000992844 /* AppDelegate.h */ = {isa = PBXFileReference; lastKnownFileType = sourcecode.c.h; path = AppDelegate.h; sourceTree = "<group>"; };
		67DD794919B8709000992844 /* AppDelegate.m */ = {isa = PBXFileReference; lastKnownFileType = sourcecode.c.objc; path = AppDelegate.m; sourceTree = "<group>"; };
		67DD794B19B8709000992844 /* ViewController.h */ = {isa = PBXFileReference; lastKnownFileType = sourcecode.c.h; path = ViewController.h; sourceTree = "<group>"; };
		67DD794C19B8709000992844 /* ViewController.m */ = {isa = PBXFileReference; lastKnownFileType = sourcecode.c.objc; path = ViewController.m; sourceTree = "<group>"; };
		67DD794F19B8709000992844 /* Base */ = {isa = PBXFileReference; lastKnownFileType = file.storyboard; name = Base; path = Base.lproj/Main.storyboard; sourceTree = "<group>"; };
		67DD795119B8709000992844 /* Images.xcassets */ = {isa = PBXFileReference; lastKnownFileType = folder.assetcatalog; path = Images.xcassets; sourceTree = "<group>"; };
		67DD795719B8709000992844 /* RCRScheduledTaskTests.xctest */ = {isa = PBXFileReference; explicitFileType = wrapper.cfbundle; includeInIndex = 0; path = RCRScheduledTaskTests.xctest; sourceTree = BUILT_PRODUCTS_DIR; };
		67DD795C19B8709000992844 /* Info.plist */ = {isa = PBXFileReference; lastKnownFileType = text.plist.xml; path = Info.plist; sourceTree = "<group>"; };
		67DD796819B870CC00992844 /* RCRScheduledTask.h */ = {isa = PBXFileReference; fileEncoding = 4; lastKnownFileType = sourcecode.c.h; path = RCRScheduledTask.h; sourceTree = "<group>"; };
		67DD796919B870CC00992844 /* RCRScheduledTask.m */ = {isa = PBXFileReference; fileEncoding = 4; lastKnownFileType = sourcecode.c.objc; path = RCRScheduledTask.m; sourceTree = "<group>"; };
		67DD796A19B870CC00992844 /* RCRScheduleStringParser.h */ = {isa = PBXFileReference; fileEncoding = 4; lastKnownFileType = sourcecode.c.h; path = RCRScheduleStringParser.h; sourceTree = "<group>"; };
		67DD796B19B870CC00992844 /* RCRScheduleStringParser.m */ = {isa = PBXFileReference; fileEncoding = 4; lastKnownFileType = sourcecode.c.objc; path = RCRScheduleStringParser.m; sourceTree = "<group>"; };
		67DD796E19B87DF200992844 /* RCRScheduleStringParserTestCase.m */ = {isa = PBXFileReference; fileEncoding = 4; lastKnownFileType = sourcecode.c.objc; path = RCRScheduleStringParserTestCase.m; sourceTree = "<group>"; };
		67DD797019B8FA5A00992844 /* RCRMinutesUtility.h */ = {isa = PBXFileReference; fileEncoding = 4; lastKnownFileType = sourcecode.c.h; path = RCRMinutesUtility.h; sourceTree = "<group>"; };
		67DD797119B8FA5A00992844 /* RCRMinutesUtility.m */ = {isa = PBXFileReference; fileEncoding = 4; lastKnownFileType = sourcecode.c.objc; path = RCRMinutesUtility.m; sourceTree = "<group>"; };
/* End PBXFileReference section */

/* Begin PBXFrameworksBuildPhase section */
		67DD793E19B8709000992844 /* Frameworks */ = {
			isa = PBXFrameworksBuildPhase;
			buildActionMask = 2147483647;
			files = (
			);
			runOnlyForDeploymentPostprocessing = 0;
		};
		67DD795419B8709000992844 /* Frameworks */ = {
			isa = PBXFrameworksBuildPhase;
			buildActionMask = 2147483647;
			files = (
			);
			runOnlyForDeploymentPostprocessing = 0;
		};
/* End PBXFrameworksBuildPhase section */

/* Begin PBXGroup section */
		67DD793819B8709000992844 = {
			isa = PBXGroup;
			children = (
				67DD796719B870CC00992844 /* RCRScheduledTask */,
				67DD794319B8709000992844 /* RCRScheduledTaskSample */,
				67DD795A19B8709000992844 /* RCRScheduledTaskTests */,
				67DD794219B8709000992844 /* Products */,
			);
			sourceTree = "<group>";
		};
		67DD794219B8709000992844 /* Products */ = {
			isa = PBXGroup;
			children = (
				67DD794119B8709000992844 /* RCRScheduledTaskSample.app */,
				67DD795719B8709000992844 /* RCRScheduledTaskTests.xctest */,
			);
			name = Products;
			sourceTree = "<group>";
		};
		67DD794319B8709000992844 /* RCRScheduledTaskSample */ = {
			isa = PBXGroup;
			children = (
				67DD794819B8709000992844 /* AppDelegate.h */,
				67DD794919B8709000992844 /* AppDelegate.m */,
				67DD794B19B8709000992844 /* ViewController.h */,
				67DD794C19B8709000992844 /* ViewController.m */,
				67DD794E19B8709000992844 /* Main.storyboard */,
				67DD795119B8709000992844 /* Images.xcassets */,
				67DD794419B8709000992844 /* Supporting Files */,
			);
			path = RCRScheduledTaskSample;
			sourceTree = "<group>";
		};
		67DD794419B8709000992844 /* Supporting Files */ = {
			isa = PBXGroup;
			children = (
				67DD794519B8709000992844 /* Info.plist */,
				67DD794619B8709000992844 /* main.m */,
			);
			name = "Supporting Files";
			sourceTree = "<group>";
		};
		67DD795A19B8709000992844 /* RCRScheduledTaskTests */ = {
			isa = PBXGroup;
			children = (
				67DD795B19B8709000992844 /* Supporting Files */,
				67DD796E19B87DF200992844 /* RCRScheduleStringParserTestCase.m */,
			);
			path = RCRScheduledTaskTests;
			sourceTree = "<group>";
		};
		67DD795B19B8709000992844 /* Supporting Files */ = {
			isa = PBXGroup;
			children = (
				67DD795C19B8709000992844 /* Info.plist */,
			);
			name = "Supporting Files";
			sourceTree = "<group>";
		};
		67DD796719B870CC00992844 /* RCRScheduledTask */ = {
			isa = PBXGroup;
			children = (
				67DD796819B870CC00992844 /* RCRScheduledTask.h */,
				67DD796919B870CC00992844 /* RCRScheduledTask.m */,
				67DD796A19B870CC00992844 /* RCRScheduleStringParser.h */,
				67DD796B19B870CC00992844 /* RCRScheduleStringParser.m */,
				67DD797019B8FA5A00992844 /* RCRMinutesUtility.h */,
				67DD797119B8FA5A00992844 /* RCRMinutesUtility.m */,
			);
			name = RCRScheduledTask;
			path = ../RCRScheduledTask;
			sourceTree = "<group>";
		};
/* End PBXGroup section */

/* Begin PBXNativeTarget section */
		67DD794019B8709000992844 /* RCRScheduledTaskSample */ = {
			isa = PBXNativeTarget;
			buildConfigurationList = 67DD796119B8709000992844 /* Build configuration list for PBXNativeTarget "RCRScheduledTaskSample" */;
			buildPhases = (
				67DD793D19B8709000992844 /* Sources */,
				67DD793E19B8709000992844 /* Frameworks */,
				67DD793F19B8709000992844 /* Resources */,
			);
			buildRules = (
			);
			dependencies = (
			);
			name = RCRScheduledTaskSample;
			productName = RCRScheduledTaskSample;
			productReference = 67DD794119B8709000992844 /* RCRScheduledTaskSample.app */;
			productType = "com.apple.product-type.application";
		};
		67DD795619B8709000992844 /* RCRScheduledTaskTests */ = {
			isa = PBXNativeTarget;
			buildConfigurationList = 67DD796419B8709000992844 /* Build configuration list for PBXNativeTarget "RCRScheduledTaskTests" */;
			buildPhases = (
				67DD795319B8709000992844 /* Sources */,
				67DD795419B8709000992844 /* Frameworks */,
				67DD795519B8709000992844 /* Resources */,
			);
			buildRules = (
			);
			dependencies = (
				67DD795919B8709000992844 /* PBXTargetDependency */,
			);
			name = RCRScheduledTaskTests;
			productName = RCRScheduledTaskSampleTests;
			productReference = 67DD795719B8709000992844 /* RCRScheduledTaskTests.xctest */;
			productType = "com.apple.product-type.bundle.unit-test";
		};
/* End PBXNativeTarget section */

/* Begin PBXProject section */
		67DD793919B8709000992844 /* Project object */ = {
			isa = PBXProject;
			attributes = {
				LastUpgradeCheck = 0600;
				ORGANIZATIONNAME = "Rich Robinson";
				TargetAttributes = {
					67DD794019B8709000992844 = {
						CreatedOnToolsVersion = 6.0;
					};
					67DD795619B8709000992844 = {
						CreatedOnToolsVersion = 6.0;
						TestTargetID = 67DD794019B8709000992844;
					};
				};
			};
			buildConfigurationList = 67DD793C19B8709000992844 /* Build configuration list for PBXProject "RCRScheduledTaskSample" */;
			compatibilityVersion = "Xcode 3.2";
			developmentRegion = English;
			hasScannedForEncodings = 0;
			knownRegions = (
				en,
				Base,
			);
			mainGroup = 67DD793819B8709000992844;
			productRefGroup = 67DD794219B8709000992844 /* Products */;
			projectDirPath = "";
			projectRoot = "";
			targets = (
				67DD794019B8709000992844 /* RCRScheduledTaskSample */,
				67DD795619B8709000992844 /* RCRScheduledTaskTests */,
			);
		};
/* End PBXProject section */

/* Begin PBXResourcesBuildPhase section */
		67DD793F19B8709000992844 /* Resources */ = {
			isa = PBXResourcesBuildPhase;
			buildActionMask = 2147483647;
			files = (
				67DD795019B8709000992844 /* Main.storyboard in Resources */,
				67DD795219B8709000992844 /* Images.xcassets in Resources */,
			);
			runOnlyForDeploymentPostprocessing = 0;
		};
		67DD795519B8709000992844 /* Resources */ = {
			isa = PBXResourcesBuildPhase;
			buildActionMask = 2147483647;
			files = (
			);
			runOnlyForDeploymentPostprocessing = 0;
		};
/* End PBXResourcesBuildPhase section */

/* Begin PBXSourcesBuildPhase section */
		67DD793D19B8709000992844 /* Sources */ = {
			isa = PBXSourcesBuildPhase;
			buildActionMask = 2147483647;
			files = (
				67DD796C19B870CC00992844 /* RCRScheduledTask.m in Sources */,
				67DD794D19B8709000992844 /* ViewController.m in Sources */,
				67DD794A19B8709000992844 /* AppDelegate.m in Sources */,
				67DD794719B8709000992844 /* main.m in Sources */,
				67DD797219B8FA5A00992844 /* RCRMinutesUtility.m in Sources */,
				67DD796D19B870CC00992844 /* RCRScheduleStringParser.m in Sources */,
			);
			runOnlyForDeploymentPostprocessing = 0;
		};
		67DD795319B8709000992844 /* Sources */ = {
			isa = PBXSourcesBuildPhase;
			buildActionMask = 2147483647;
			files = (
				67DD796F19B87DF200992844 /* RCRScheduleStringParserTestCase.m in Sources */,
			);
			runOnlyForDeploymentPostprocessing = 0;
		};
/* End PBXSourcesBuildPhase section */

/* Begin PBXTargetDependency section */
		67DD795919B8709000992844 /* PBXTargetDependency */ = {
			isa = PBXTargetDependency;
			target = 67DD794019B8709000992844 /* RCRScheduledTaskSample */;
			targetProxy = 67DD795819B8709000992844 /* PBXContainerItemProxy */;
		};
/* End PBXTargetDependency section */

/* Begin PBXVariantGroup section */
		67DD794E19B8709000992844 /* Main.storyboard */ = {
			isa = PBXVariantGroup;
			children = (
				67DD794F19B8709000992844 /* Base */,
			);
			name = Main.storyboard;
			sourceTree = "<group>";
		};
/* End PBXVariantGroup section */

/* Begin XCBuildConfiguration section */
		67DD795F19B8709000992844 /* Debug */ = {
			isa = XCBuildConfiguration;
			buildSettings = {
				ALWAYS_SEARCH_USER_PATHS = NO;
				CLANG_CXX_LANGUAGE_STANDARD = "gnu++0x";
				CLANG_CXX_LIBRARY = "libc++";
				CLANG_ENABLE_MODULES = YES;
				CLANG_ENABLE_OBJC_ARC = YES;
				CLANG_WARN_BOOL_CONVERSION = YES;
				CLANG_WARN_CONSTANT_CONVERSION = YES;
				CLANG_WARN_DIRECT_OBJC_ISA_USAGE = YES_ERROR;
				CLANG_WARN_EMPTY_BODY = YES;
				CLANG_WARN_ENUM_CONVERSION = YES;
				CLANG_WARN_INT_CONVERSION = YES;
				CLANG_WARN_OBJC_ROOT_CLASS = YES_ERROR;
				CLANG_WARN_UNREACHABLE_CODE = YES;
				CLANG_WARN__DUPLICATE_METHOD_MATCH = YES;
				"CODE_SIGN_IDENTITY[sdk=iphoneos*]" = "iPhone Developer";
				COPY_PHASE_STRIP = NO;
				ENABLE_STRICT_OBJC_MSGSEND = YES;
				GCC_C_LANGUAGE_STANDARD = gnu99;
				GCC_DYNAMIC_NO_PIC = NO;
				GCC_OPTIMIZATION_LEVEL = 0;
				GCC_PREPROCESSOR_DEFINITIONS = (
					"DEBUG=1",
					"$(inherited)",
				);
				GCC_SYMBOLS_PRIVATE_EXTERN = NO;
				GCC_WARN_64_TO_32_BIT_CONVERSION = YES;
				GCC_WARN_ABOUT_RETURN_TYPE = YES_ERROR;
				GCC_WARN_UNDECLARED_SELECTOR = YES;
				GCC_WARN_UNINITIALIZED_AUTOS = YES_AGGRESSIVE;
				GCC_WARN_UNUSED_FUNCTION = YES;
				GCC_WARN_UNUSED_VARIABLE = YES;
				IPHONEOS_DEPLOYMENT_TARGET = 7.0;
				MTL_ENABLE_DEBUG_INFO = YES;
				ONLY_ACTIVE_ARCH = YES;
				SDKROOT = iphoneos;
				TARGETED_DEVICE_FAMILY = "1,2";
			};
			name = Debug;
		};
		67DD796019B8709000992844 /* Release */ = {
			isa = XCBuildConfiguration;
			buildSettings = {
				ALWAYS_SEARCH_USER_PATHS = NO;
				CLANG_CXX_LANGUAGE_STANDARD = "gnu++0x";
				CLANG_CXX_LIBRARY = "libc++";
				CLANG_ENABLE_MODULES = YES;
				CLANG_ENABLE_OBJC_ARC = YES;
				CLANG_WARN_BOOL_CONVERSION = YES;
				CLANG_WARN_CONSTANT_CONVERSION = YES;
				CLANG_WARN_DIRECT_OBJC_ISA_USAGE = YES_ERROR;
				CLANG_WARN_EMPTY_BODY = YES;
				CLANG_WARN_ENUM_CONVERSION = YES;
				CLANG_WARN_INT_CONVERSION = YES;
				CLANG_WARN_OBJC_ROOT_CLASS = YES_ERROR;
				CLANG_WARN_UNREACHABLE_CODE = YES;
				CLANG_WARN__DUPLICATE_METHOD_MATCH = YES;
				"CODE_SIGN_IDENTITY[sdk=iphoneos*]" = "iPhone Developer";
				COPY_PHASE_STRIP = YES;
				ENABLE_NS_ASSERTIONS = NO;
				ENABLE_STRICT_OBJC_MSGSEND = YES;
				GCC_C_LANGUAGE_STANDARD = gnu99;
				GCC_WARN_64_TO_32_BIT_CONVERSION = YES;
				GCC_WARN_ABOUT_RETURN_TYPE = YES_ERROR;
				GCC_WARN_UNDECLARED_SELECTOR = YES;
				GCC_WARN_UNINITIALIZED_AUTOS = YES_AGGRESSIVE;
				GCC_WARN_UNUSED_FUNCTION = YES;
				GCC_WARN_UNUSED_VARIABLE = YES;
				IPHONEOS_DEPLOYMENT_TARGET = 7.0;
				MTL_ENABLE_DEBUG_INFO = NO;
				SDKROOT = iphoneos;
				TARGETED_DEVICE_FAMILY = "1,2";
				VALIDATE_PRODUCT = YES;
			};
			name = Release;
		};
		67DD796219B8709000992844 /* Debug */ = {
			isa = XCBuildConfiguration;
			buildSettings = {
				ASSETCATALOG_COMPILER_APPICON_NAME = AppIcon;
				ASSETCATALOG_COMPILER_LAUNCHIMAGE_NAME = LaunchImage;
				INFOPLIST_FILE = RCRScheduledTaskSample/Info.plist;
				LD_RUNPATH_SEARCH_PATHS = "$(inherited) @executable_path/Frameworks";
				PRODUCT_NAME = "$(TARGET_NAME)";
			};
			name = Debug;
		};
		67DD796319B8709000992844 /* Release */ = {
			isa = XCBuildConfiguration;
			buildSettings = {
				ASSETCATALOG_COMPILER_APPICON_NAME = AppIcon;
				ASSETCATALOG_COMPILER_LAUNCHIMAGE_NAME = LaunchImage;
				INFOPLIST_FILE = RCRScheduledTaskSample/Info.plist;
				LD_RUNPATH_SEARCH_PATHS = "$(inherited) @executable_path/Frameworks";
				PRODUCT_NAME = "$(TARGET_NAME)";
			};
			name = Release;
		};
		67DD796519B8709000992844 /* Debug */ = {
			isa = XCBuildConfiguration;
			buildSettings = {
				BUNDLE_LOADER = "$(TEST_HOST)";
				FRAMEWORK_SEARCH_PATHS = (
					"$(SDKROOT)/Developer/Library/Frameworks",
					"$(inherited)",
				);
				GCC_PREPROCESSOR_DEFINITIONS = (
					"DEBUG=1",
					"$(inherited)",
				);
				INFOPLIST_FILE = RCRScheduledTaskTests/Info.plist;
				LD_RUNPATH_SEARCH_PATHS = "$(inherited) @executable_path/Frameworks @loader_path/Frameworks";
				PRODUCT_NAME = "$(TARGET_NAME)";
				TEST_HOST = "$(BUILT_PRODUCTS_DIR)/RCRScheduledTaskSample.app/RCRScheduledTaskSample";
			};
			name = Debug;
		};
		67DD796619B8709000992844 /* Release */ = {
			isa = XCBuildConfiguration;
			buildSettings = {
				BUNDLE_LOADER = "$(TEST_HOST)";
				FRAMEWORK_SEARCH_PATHS = (
					"$(SDKROOT)/Developer/Library/Frameworks",
					"$(inherited)",
				);
				INFOPLIST_FILE = RCRScheduledTaskTests/Info.plist;
				LD_RUNPATH_SEARCH_PATHS = "$(inherited) @executable_path/Frameworks @loader_path/Frameworks";
				PRODUCT_NAME = "$(TARGET_NAME)";
				TEST_HOST = "$(BUILT_PRODUCTS_DIR)/RCRScheduledTaskSample.app/RCRScheduledTaskSample";
			};
			name = Release;
		};
/* End XCBuildConfiguration section */

/* Begin XCConfigurationList section */
		67DD793C19B8709000992844 /* Build configuration list for PBXProject "RCRScheduledTaskSample" */ = {
			isa = XCConfigurationList;
			buildConfigurations = (
				67DD795F19B8709000992844 /* Debug */,
				67DD796019B8709000992844 /* Release */,
			);
			defaultConfigurationIsVisible = 0;
			defaultConfigurationName = Release;
		};
		67DD796119B8709000992844 /* Build configuration list for PBXNativeTarget "RCRScheduledTaskSample" */ = {
			isa = XCConfigurationList;
			buildConfigurations = (
				67DD796219B8709000992844 /* Debug */,
				67DD796319B8709000992844 /* Release */,
			);
			defaultConfigurationIsVisible = 0;
			defaultConfigurationName = Release;
		};
		67DD796419B8709000992844 /* Build configuration list for PBXNativeTarget "RCRScheduledTaskTests" */ = {
			isa = XCConfigurationList;
			buildConfigurations = (
				67DD796519B8709000992844 /* Debug */,
				67DD796619B8709000992844 /* Release */,
			);
			defaultConfigurationIsVisible = 0;
			defaultConfigurationName = Release;
		};
/* End XCConfigurationList section */
	};
	rootObject = 67DD793919B8709000992844 /* Project object */;
}
